// !$*UTF8*$!
{
	archiveVersion = 1;
	classes = {
	};
	objectVersion = 56;
	objects = {

/* Begin PBXBuildFile section */
		AF43E6842968030D006D6C81 /* AppDelegate.swift in Sources */ = {isa = PBXBuildFile; fileRef = AF43E6832968030D006D6C81 /* AppDelegate.swift */; };
		AF43E6862968030D006D6C81 /* SceneDelegate.swift in Sources */ = {isa = PBXBuildFile; fileRef = AF43E6852968030D006D6C81 /* SceneDelegate.swift */; };
		AF43E6882968030D006D6C81 /* MainTabBarViewController.swift in Sources */ = {isa = PBXBuildFile; fileRef = AF43E6872968030D006D6C81 /* MainTabBarViewController.swift */; };
		AF43E68D2968030E006D6C81 /* Assets.xcassets in Resources */ = {isa = PBXBuildFile; fileRef = AF43E68C2968030E006D6C81 /* Assets.xcassets */; };
		AF43E6902968030E006D6C81 /* LaunchScreen.storyboard in Resources */ = {isa = PBXBuildFile; fileRef = AF43E68E2968030E006D6C81 /* LaunchScreen.storyboard */; };
		AF43E699296847F5006D6C81 /* HomeViewController.swift in Sources */ = {isa = PBXBuildFile; fileRef = AF43E698296847F5006D6C81 /* HomeViewController.swift */; };
		AF43E69B29684830006D6C81 /* UpcomingViewController.swift in Sources */ = {isa = PBXBuildFile; fileRef = AF43E69A29684830006D6C81 /* UpcomingViewController.swift */; };
		AF43E69D2968485F006D6C81 /* SearchViewController.swift in Sources */ = {isa = PBXBuildFile; fileRef = AF43E69C2968485F006D6C81 /* SearchViewController.swift */; };
		AF43E69F296848AE006D6C81 /* DownloadsViewController.swift in Sources */ = {isa = PBXBuildFile; fileRef = AF43E69E296848AE006D6C81 /* DownloadsViewController.swift */; };
		AF43E6A6296853B4006D6C81 /* CollectionViewTableViewCell.swift in Sources */ = {isa = PBXBuildFile; fileRef = AF43E6A5296853B4006D6C81 /* CollectionViewTableViewCell.swift */; };
		AF43E6A829690099006D6C81 /* HeroHeaderUIView.swift in Sources */ = {isa = PBXBuildFile; fileRef = AF43E6A729690099006D6C81 /* HeroHeaderUIView.swift */; };
		AF43E6AA2969806D006D6C81 /* APICaller.swift in Sources */ = {isa = PBXBuildFile; fileRef = AF43E6A92969806D006D6C81 /* APICaller.swift */; };
		AF43E6AC296985EC006D6C81 /* Title.swift in Sources */ = {isa = PBXBuildFile; fileRef = AF43E6AB296985EC006D6C81 /* Title.swift */; };
		AF43E6AE29698DD5006D6C81 /* Extensions.swift in Sources */ = {isa = PBXBuildFile; fileRef = AF43E6AD29698DD5006D6C81 /* Extensions.swift */; };
		AF43E6B42969A612006D6C81 /* TitleCollectionViewCell.swift in Sources */ = {isa = PBXBuildFile; fileRef = AF43E6B32969A612006D6C81 /* TitleCollectionViewCell.swift */; };
		AF43E6B72969AE83006D6C81 /* SDWebImage in Frameworks */ = {isa = PBXBuildFile; productRef = AF43E6B62969AE83006D6C81 /* SDWebImage */; };
		AF43E6B92969AE83006D6C81 /* SDWebImageMapKit in Frameworks */ = {isa = PBXBuildFile; productRef = AF43E6B82969AE83006D6C81 /* SDWebImageMapKit */; };
		AF43E6BB296A9105006D6C81 /* TitleTableViewCell.swift in Sources */ = {isa = PBXBuildFile; fileRef = AF43E6BA296A9105006D6C81 /* TitleTableViewCell.swift */; };
		AF43E6BD296A950F006D6C81 /* TitleViewModel.swift in Sources */ = {isa = PBXBuildFile; fileRef = AF43E6BC296A950F006D6C81 /* TitleViewModel.swift */; };
		AF43E6BF296B14C8006D6C81 /* SearchResultsViewController.swift in Sources */ = {isa = PBXBuildFile; fileRef = AF43E6BE296B14C8006D6C81 /* SearchResultsViewController.swift */; };
		AF43E6C3296B2C6B006D6C81 /* YoutubeSearchResponse.swift in Sources */ = {isa = PBXBuildFile; fileRef = AF43E6C2296B2C6B006D6C81 /* YoutubeSearchResponse.swift */; };
		AF43E6C5296BF133006D6C81 /* TitlePreviewViewController.swift in Sources */ = {isa = PBXBuildFile; fileRef = AF43E6C4296BF133006D6C81 /* TitlePreviewViewController.swift */; };
		AF43E6C7296BFB1C006D6C81 /* TitlePreviewViewModel.swift in Sources */ = {isa = PBXBuildFile; fileRef = AF43E6C6296BFB1C006D6C81 /* TitlePreviewViewModel.swift */; };
		AF43E6ED296C6C34006D6C81 /* NetflixCloneModel.xcdatamodeld in Sources */ = {isa = PBXBuildFile; fileRef = AF43E6EB296C6C34006D6C81 /* NetflixCloneModel.xcdatamodeld */; };
		AF882F83296C72DE007EA6B7 /* DataPersistenceManager.swift in Sources */ = {isa = PBXBuildFile; fileRef = AF882F82296C72DE007EA6B7 /* DataPersistenceManager.swift */; };
/* End PBXBuildFile section */

/* Begin PBXFileReference section */
		AF43E6802968030D006D6C81 /* NetflixClone.app */ = {isa = PBXFileReference; explicitFileType = wrapper.application; includeInIndex = 0; path = NetflixClone.app; sourceTree = BUILT_PRODUCTS_DIR; };
		AF43E6832968030D006D6C81 /* AppDelegate.swift */ = {isa = PBXFileReference; lastKnownFileType = sourcecode.swift; path = AppDelegate.swift; sourceTree = "<group>"; };
		AF43E6852968030D006D6C81 /* SceneDelegate.swift */ = {isa = PBXFileReference; lastKnownFileType = sourcecode.swift; path = SceneDelegate.swift; sourceTree = "<group>"; };
		AF43E6872968030D006D6C81 /* MainTabBarViewController.swift */ = {isa = PBXFileReference; lastKnownFileType = sourcecode.swift; path = MainTabBarViewController.swift; sourceTree = "<group>"; };
		AF43E68C2968030E006D6C81 /* Assets.xcassets */ = {isa = PBXFileReference; lastKnownFileType = folder.assetcatalog; path = Assets.xcassets; sourceTree = "<group>"; };
		AF43E68F2968030E006D6C81 /* Base */ = {isa = PBXFileReference; lastKnownFileType = file.storyboard; name = Base; path = Base.lproj/LaunchScreen.storyboard; sourceTree = "<group>"; };
		AF43E6912968030E006D6C81 /* Info.plist */ = {isa = PBXFileReference; lastKnownFileType = text.plist.xml; path = Info.plist; sourceTree = "<group>"; };
		AF43E698296847F5006D6C81 /* HomeViewController.swift */ = {isa = PBXFileReference; lastKnownFileType = sourcecode.swift; path = HomeViewController.swift; sourceTree = "<group>"; };
		AF43E69A29684830006D6C81 /* UpcomingViewController.swift */ = {isa = PBXFileReference; lastKnownFileType = sourcecode.swift; path = UpcomingViewController.swift; sourceTree = "<group>"; };
		AF43E69C2968485F006D6C81 /* SearchViewController.swift */ = {isa = PBXFileReference; lastKnownFileType = sourcecode.swift; path = SearchViewController.swift; sourceTree = "<group>"; };
		AF43E69E296848AE006D6C81 /* DownloadsViewController.swift */ = {isa = PBXFileReference; lastKnownFileType = sourcecode.swift; path = DownloadsViewController.swift; sourceTree = "<group>"; };
		AF43E6A5296853B4006D6C81 /* CollectionViewTableViewCell.swift */ = {isa = PBXFileReference; lastKnownFileType = sourcecode.swift; path = CollectionViewTableViewCell.swift; sourceTree = "<group>"; };
		AF43E6A729690099006D6C81 /* HeroHeaderUIView.swift */ = {isa = PBXFileReference; lastKnownFileType = sourcecode.swift; path = HeroHeaderUIView.swift; sourceTree = "<group>"; };
		AF43E6A92969806D006D6C81 /* APICaller.swift */ = {isa = PBXFileReference; lastKnownFileType = sourcecode.swift; path = APICaller.swift; sourceTree = "<group>"; };
		AF43E6AB296985EC006D6C81 /* Title.swift */ = {isa = PBXFileReference; lastKnownFileType = sourcecode.swift; path = Title.swift; sourceTree = "<group>"; };
		AF43E6AD29698DD5006D6C81 /* Extensions.swift */ = {isa = PBXFileReference; lastKnownFileType = sourcecode.swift; path = Extensions.swift; sourceTree = "<group>"; };
		AF43E6B32969A612006D6C81 /* TitleCollectionViewCell.swift */ = {isa = PBXFileReference; lastKnownFileType = sourcecode.swift; path = TitleCollectionViewCell.swift; sourceTree = "<group>"; };
		AF43E6BA296A9105006D6C81 /* TitleTableViewCell.swift */ = {isa = PBXFileReference; lastKnownFileType = sourcecode.swift; path = TitleTableViewCell.swift; sourceTree = "<group>"; };
		AF43E6BC296A950F006D6C81 /* TitleViewModel.swift */ = {isa = PBXFileReference; lastKnownFileType = sourcecode.swift; path = TitleViewModel.swift; sourceTree = "<group>"; };
		AF43E6BE296B14C8006D6C81 /* SearchResultsViewController.swift */ = {isa = PBXFileReference; lastKnownFileType = sourcecode.swift; path = SearchResultsViewController.swift; sourceTree = "<group>"; };
		AF43E6C2296B2C6B006D6C81 /* YoutubeSearchResponse.swift */ = {isa = PBXFileReference; lastKnownFileType = sourcecode.swift; path = YoutubeSearchResponse.swift; sourceTree = "<group>"; };
		AF43E6C4296BF133006D6C81 /* TitlePreviewViewController.swift */ = {isa = PBXFileReference; lastKnownFileType = sourcecode.swift; path = TitlePreviewViewController.swift; sourceTree = "<group>"; };
		AF43E6C6296BFB1C006D6C81 /* TitlePreviewViewModel.swift */ = {isa = PBXFileReference; lastKnownFileType = sourcecode.swift; path = TitlePreviewViewModel.swift; sourceTree = "<group>"; };
		AF43E6EC296C6C34006D6C81 /* NetflixCloneModel.xcdatamodel */ = {isa = PBXFileReference; lastKnownFileType = wrapper.xcdatamodel; path = NetflixCloneModel.xcdatamodel; sourceTree = "<group>"; };
		AF882F82296C72DE007EA6B7 /* DataPersistenceManager.swift */ = {isa = PBXFileReference; lastKnownFileType = sourcecode.swift; path = DataPersistenceManager.swift; sourceTree = "<group>"; };
/* End PBXFileReference section */

/* Begin PBXFrameworksBuildPhase section */
		AF43E67D2968030D006D6C81 /* Frameworks */ = {
			isa = PBXFrameworksBuildPhase;
			buildActionMask = 2147483647;
			files = (
				AF43E6B92969AE83006D6C81 /* SDWebImageMapKit in Frameworks */,
				AF43E6B72969AE83006D6C81 /* SDWebImage in Frameworks */,
			);
			runOnlyForDeploymentPostprocessing = 0;
		};
/* End PBXFrameworksBuildPhase section */

/* Begin PBXGroup section */
		AF43E6772968030D006D6C81 = {
			isa = PBXGroup;
			children = (
				AF43E6822968030D006D6C81 /* NetflixClone */,
				AF43E6812968030D006D6C81 /* Products */,
			);
			sourceTree = "<group>";
		};
		AF43E6812968030D006D6C81 /* Products */ = {
			isa = PBXGroup;
			children = (
				AF43E6802968030D006D6C81 /* NetflixClone.app */,
			);
			name = Products;
			sourceTree = "<group>";
		};
		AF43E6822968030D006D6C81 /* NetflixClone */ = {
			isa = PBXGroup;
			children = (
				AF43E6A42968536A006D6C81 /* Managers */,
				AF43E6A329685353006D6C81 /* Resources */,
				AF43E6A229685312006D6C81 /* Models */,
				AF43E6A0296852EE006D6C81 /* Views */,
				AF43E6A1296852FB006D6C81 /* ViewModels */,
				AF43E697296847D5006D6C81 /* Controllers */,
				AF43E68C2968030E006D6C81 /* Assets.xcassets */,
				AF43E68E2968030E006D6C81 /* LaunchScreen.storyboard */,
				AF43E6912968030E006D6C81 /* Info.plist */,
				AF43E6EB296C6C34006D6C81 /* NetflixCloneModel.xcdatamodeld */,
			);
			path = NetflixClone;
			sourceTree = "<group>";
		};
		AF43E697296847D5006D6C81 /* Controllers */ = {
			isa = PBXGroup;
			children = (
				AF43E6C1296B1556006D6C81 /* General */,
				AF43E6C0296B151A006D6C81 /* Core  */,
			);
			path = Controllers;
			sourceTree = "<group>";
		};
		AF43E6A0296852EE006D6C81 /* Views */ = {
			isa = PBXGroup;
			children = (
				AF43E6A5296853B4006D6C81 /* CollectionViewTableViewCell.swift */,
				AF43E6A729690099006D6C81 /* HeroHeaderUIView.swift */,
				AF43E6B32969A612006D6C81 /* TitleCollectionViewCell.swift */,
				AF43E6BA296A9105006D6C81 /* TitleTableViewCell.swift */,
			);
			path = Views;
			sourceTree = "<group>";
		};
		AF43E6A1296852FB006D6C81 /* ViewModels */ = {
			isa = PBXGroup;
			children = (
				AF43E6BC296A950F006D6C81 /* TitleViewModel.swift */,
				AF43E6C6296BFB1C006D6C81 /* TitlePreviewViewModel.swift */,
			);
			path = ViewModels;
			sourceTree = "<group>";
		};
		AF43E6A229685312006D6C81 /* Models */ = {
			isa = PBXGroup;
			children = (
				AF43E6AB296985EC006D6C81 /* Title.swift */,
				AF43E6C2296B2C6B006D6C81 /* YoutubeSearchResponse.swift */,
			);
			path = Models;
			sourceTree = "<group>";
		};
		AF43E6A329685353006D6C81 /* Resources */ = {
			isa = PBXGroup;
			children = (
				AF43E6AD29698DD5006D6C81 /* Extensions.swift */,
				AF43E6832968030D006D6C81 /* AppDelegate.swift */,
				AF43E6852968030D006D6C81 /* SceneDelegate.swift */,
			);
			path = Resources;
			sourceTree = "<group>";
		};
		AF43E6A42968536A006D6C81 /* Managers */ = {
			isa = PBXGroup;
			children = (
				AF43E6A92969806D006D6C81 /* APICaller.swift */,
				AF882F82296C72DE007EA6B7 /* DataPersistenceManager.swift */,
			);
			path = Managers;
			sourceTree = "<group>";
		};
		AF43E6C0296B151A006D6C81 /* Core  */ = {
			isa = PBXGroup;
			children = (
				AF43E6872968030D006D6C81 /* MainTabBarViewController.swift */,
				AF43E698296847F5006D6C81 /* HomeViewController.swift */,
				AF43E69A29684830006D6C81 /* UpcomingViewController.swift */,
				AF43E69C2968485F006D6C81 /* SearchViewController.swift */,
				AF43E69E296848AE006D6C81 /* DownloadsViewController.swift */,
			);
			path = "Core ";
			sourceTree = "<group>";
		};
		AF43E6C1296B1556006D6C81 /* General */ = {
			isa = PBXGroup;
			children = (
				AF43E6BE296B14C8006D6C81 /* SearchResultsViewController.swift */,
				AF43E6C4296BF133006D6C81 /* TitlePreviewViewController.swift */,
			);
			path = General;
			sourceTree = "<group>";
		};
/* End PBXGroup section */

/* Begin PBXNativeTarget section */
		AF43E67F2968030D006D6C81 /* NetflixClone */ = {
			isa = PBXNativeTarget;
			buildConfigurationList = AF43E6942968030E006D6C81 /* Build configuration list for PBXNativeTarget "NetflixClone" */;
			buildPhases = (
				AF43E67C2968030D006D6C81 /* Sources */,
				AF43E67D2968030D006D6C81 /* Frameworks */,
				AF43E67E2968030D006D6C81 /* Resources */,
			);
			buildRules = (
			);
			dependencies = (
			);
			name = NetflixClone;
			packageProductDependencies = (
				AF43E6B62969AE83006D6C81 /* SDWebImage */,
				AF43E6B82969AE83006D6C81 /* SDWebImageMapKit */,
			);
			productName = NetflixClone;
			productReference = AF43E6802968030D006D6C81 /* NetflixClone.app */;
			productType = "com.apple.product-type.application";
		};
/* End PBXNativeTarget section */

/* Begin PBXProject section */
		AF43E6782968030D006D6C81 /* Project object */ = {
			isa = PBXProject;
			attributes = {
				BuildIndependentTargetsInParallel = 1;
				LastSwiftUpdateCheck = 1400;
				LastUpgradeCheck = 1400;
				TargetAttributes = {
					AF43E67F2968030D006D6C81 = {
						CreatedOnToolsVersion = 14.0.1;
					};
				};
			};
			buildConfigurationList = AF43E67B2968030D006D6C81 /* Build configuration list for PBXProject "NetflixClone" */;
			compatibilityVersion = "Xcode 14.0";
			developmentRegion = en;
			hasScannedForEncodings = 0;
			knownRegions = (
				en,
				Base,
			);
			mainGroup = AF43E6772968030D006D6C81;
			packageReferences = (
				AF43E6B52969AE83006D6C81 /* XCRemoteSwiftPackageReference "SDWebImage" */,
			);
			productRefGroup = AF43E6812968030D006D6C81 /* Products */;
			projectDirPath = "";
			projectRoot = "";
			targets = (
				AF43E67F2968030D006D6C81 /* NetflixClone */,
			);
		};
/* End PBXProject section */

/* Begin PBXResourcesBuildPhase section */
		AF43E67E2968030D006D6C81 /* Resources */ = {
			isa = PBXResourcesBuildPhase;
			buildActionMask = 2147483647;
			files = (
				AF43E6902968030E006D6C81 /* LaunchScreen.storyboard in Resources */,
				AF43E68D2968030E006D6C81 /* Assets.xcassets in Resources */,
			);
			runOnlyForDeploymentPostprocessing = 0;
		};
/* End PBXResourcesBuildPhase section */

/* Begin PBXSourcesBuildPhase section */
		AF43E67C2968030D006D6C81 /* Sources */ = {
			isa = PBXSourcesBuildPhase;
			buildActionMask = 2147483647;
			files = (
				AF43E6BB296A9105006D6C81 /* TitleTableViewCell.swift in Sources */,
				AF43E69D2968485F006D6C81 /* SearchViewController.swift in Sources */,
				AF43E6B42969A612006D6C81 /* TitleCollectionViewCell.swift in Sources */,
				AF882F83296C72DE007EA6B7 /* DataPersistenceManager.swift in Sources */,
				AF43E6882968030D006D6C81 /* MainTabBarViewController.swift in Sources */,
				AF43E6A6296853B4006D6C81 /* CollectionViewTableViewCell.swift in Sources */,
				AF43E6AA2969806D006D6C81 /* APICaller.swift in Sources */,
				AF43E6ED296C6C34006D6C81 /* NetflixCloneModel.xcdatamodeld in Sources */,
				AF43E6A829690099006D6C81 /* HeroHeaderUIView.swift in Sources */,
				AF43E69F296848AE006D6C81 /* DownloadsViewController.swift in Sources */,
				AF43E6842968030D006D6C81 /* AppDelegate.swift in Sources */,
				AF43E6BF296B14C8006D6C81 /* SearchResultsViewController.swift in Sources */,
				AF43E6AE29698DD5006D6C81 /* Extensions.swift in Sources */,
				AF43E6C3296B2C6B006D6C81 /* YoutubeSearchResponse.swift in Sources */,
				AF43E6862968030D006D6C81 /* SceneDelegate.swift in Sources */,
				AF43E6C7296BFB1C006D6C81 /* TitlePreviewViewModel.swift in Sources */,
				AF43E69B29684830006D6C81 /* UpcomingViewController.swift in Sources */,
				AF43E6C5296BF133006D6C81 /* TitlePreviewViewController.swift in Sources */,
				AF43E6AC296985EC006D6C81 /* Title.swift in Sources */,
				AF43E699296847F5006D6C81 /* HomeViewController.swift in Sources */,
				AF43E6BD296A950F006D6C81 /* TitleViewModel.swift in Sources */,
			);
			runOnlyForDeploymentPostprocessing = 0;
		};
/* End PBXSourcesBuildPhase section */

/* Begin PBXVariantGroup section */
		AF43E68E2968030E006D6C81 /* LaunchScreen.storyboard */ = {
			isa = PBXVariantGroup;
			children = (
				AF43E68F2968030E006D6C81 /* Base */,
			);
			name = LaunchScreen.storyboard;
			sourceTree = "<group>";
		};
/* End PBXVariantGroup section */

/* Begin XCBuildConfiguration section */
		AF43E6922968030E006D6C81 /* Debug */ = {
			isa = XCBuildConfiguration;
			buildSettings = {
				ALWAYS_SEARCH_USER_PATHS = NO;
				CLANG_ANALYZER_NONNULL = YES;
				CLANG_ANALYZER_NUMBER_OBJECT_CONVERSION = YES_AGGRESSIVE;
				CLANG_CXX_LANGUAGE_STANDARD = "gnu++20";
				CLANG_ENABLE_MODULES = YES;
				CLANG_ENABLE_OBJC_ARC = YES;
				CLANG_ENABLE_OBJC_WEAK = YES;
				CLANG_WARN_BLOCK_CAPTURE_AUTORELEASING = YES;
				CLANG_WARN_BOOL_CONVERSION = YES;
				CLANG_WARN_COMMA = YES;
				CLANG_WARN_CONSTANT_CONVERSION = YES;
				CLANG_WARN_DEPRECATED_OBJC_IMPLEMENTATIONS = YES;
				CLANG_WARN_DIRECT_OBJC_ISA_USAGE = YES_ERROR;
				CLANG_WARN_DOCUMENTATION_COMMENTS = YES;
				CLANG_WARN_EMPTY_BODY = YES;
				CLANG_WARN_ENUM_CONVERSION = YES;
				CLANG_WARN_INFINITE_RECURSION = YES;
				CLANG_WARN_INT_CONVERSION = YES;
				CLANG_WARN_NON_LITERAL_NULL_CONVERSION = YES;
				CLANG_WARN_OBJC_IMPLICIT_RETAIN_SELF = YES;
				CLANG_WARN_OBJC_LITERAL_CONVERSION = YES;
				CLANG_WARN_OBJC_ROOT_CLASS = YES_ERROR;
				CLANG_WARN_QUOTED_INCLUDE_IN_FRAMEWORK_HEADER = YES;
				CLANG_WARN_RANGE_LOOP_ANALYSIS = YES;
				CLANG_WARN_STRICT_PROTOTYPES = YES;
				CLANG_WARN_SUSPICIOUS_MOVE = YES;
				CLANG_WARN_UNGUARDED_AVAILABILITY = YES_AGGRESSIVE;
				CLANG_WARN_UNREACHABLE_CODE = YES;
				CLANG_WARN__DUPLICATE_METHOD_MATCH = YES;
				COPY_PHASE_STRIP = NO;
				DEBUG_INFORMATION_FORMAT = dwarf;
				ENABLE_STRICT_OBJC_MSGSEND = YES;
				ENABLE_TESTABILITY = YES;
				GCC_C_LANGUAGE_STANDARD = gnu11;
				GCC_DYNAMIC_NO_PIC = NO;
				GCC_NO_COMMON_BLOCKS = YES;
				GCC_OPTIMIZATION_LEVEL = 0;
				GCC_PREPROCESSOR_DEFINITIONS = (
					"DEBUG=1",
					"$(inherited)",
				);
				GCC_WARN_64_TO_32_BIT_CONVERSION = YES;
				GCC_WARN_ABOUT_RETURN_TYPE = YES_ERROR;
				GCC_WARN_UNDECLARED_SELECTOR = YES;
				GCC_WARN_UNINITIALIZED_AUTOS = YES_AGGRESSIVE;
				GCC_WARN_UNUSED_FUNCTION = YES;
				GCC_WARN_UNUSED_VARIABLE = YES;
				IPHONEOS_DEPLOYMENT_TARGET = 16.0;
				MTL_ENABLE_DEBUG_INFO = INCLUDE_SOURCE;
				MTL_FAST_MATH = YES;
				ONLY_ACTIVE_ARCH = YES;
				SDKROOT = iphoneos;
				SWIFT_ACTIVE_COMPILATION_CONDITIONS = DEBUG;
				SWIFT_OPTIMIZATION_LEVEL = "-Onone";
			};
			name = Debug;
		};
		AF43E6932968030E006D6C81 /* Release */ = {
			isa = XCBuildConfiguration;
			buildSettings = {
				ALWAYS_SEARCH_USER_PATHS = NO;
				CLANG_ANALYZER_NONNULL = YES;
				CLANG_ANALYZER_NUMBER_OBJECT_CONVERSION = YES_AGGRESSIVE;
				CLANG_CXX_LANGUAGE_STANDARD = "gnu++20";
				CLANG_ENABLE_MODULES = YES;
				CLANG_ENABLE_OBJC_ARC = YES;
				CLANG_ENABLE_OBJC_WEAK = YES;
				CLANG_WARN_BLOCK_CAPTURE_AUTORELEASING = YES;
				CLANG_WARN_BOOL_CONVERSION = YES;
				CLANG_WARN_COMMA = YES;
				CLANG_WARN_CONSTANT_CONVERSION = YES;
				CLANG_WARN_DEPRECATED_OBJC_IMPLEMENTATIONS = YES;
				CLANG_WARN_DIRECT_OBJC_ISA_USAGE = YES_ERROR;
				CLANG_WARN_DOCUMENTATION_COMMENTS = YES;
				CLANG_WARN_EMPTY_BODY = YES;
				CLANG_WARN_ENUM_CONVERSION = YES;
				CLANG_WARN_INFINITE_RECURSION = YES;
				CLANG_WARN_INT_CONVERSION = YES;
				CLANG_WARN_NON_LITERAL_NULL_CONVERSION = YES;
				CLANG_WARN_OBJC_IMPLICIT_RETAIN_SELF = YES;
				CLANG_WARN_OBJC_LITERAL_CONVERSION = YES;
				CLANG_WARN_OBJC_ROOT_CLASS = YES_ERROR;
				CLANG_WARN_QUOTED_INCLUDE_IN_FRAMEWORK_HEADER = YES;
				CLANG_WARN_RANGE_LOOP_ANALYSIS = YES;
				CLANG_WARN_STRICT_PROTOTYPES = YES;
				CLANG_WARN_SUSPICIOUS_MOVE = YES;
				CLANG_WARN_UNGUARDED_AVAILABILITY = YES_AGGRESSIVE;
				CLANG_WARN_UNREACHABLE_CODE = YES;
				CLANG_WARN__DUPLICATE_METHOD_MATCH = YES;
				COPY_PHASE_STRIP = NO;
				DEBUG_INFORMATION_FORMAT = "dwarf-with-dsym";
				ENABLE_NS_ASSERTIONS = NO;
				ENABLE_STRICT_OBJC_MSGSEND = YES;
				GCC_C_LANGUAGE_STANDARD = gnu11;
				GCC_NO_COMMON_BLOCKS = YES;
				GCC_WARN_64_TO_32_BIT_CONVERSION = YES;
				GCC_WARN_ABOUT_RETURN_TYPE = YES_ERROR;
				GCC_WARN_UNDECLARED_SELECTOR = YES;
				GCC_WARN_UNINITIALIZED_AUTOS = YES_AGGRESSIVE;
				GCC_WARN_UNUSED_FUNCTION = YES;
				GCC_WARN_UNUSED_VARIABLE = YES;
				IPHONEOS_DEPLOYMENT_TARGET = 16.0;
				MTL_ENABLE_DEBUG_INFO = NO;
				MTL_FAST_MATH = YES;
				SDKROOT = iphoneos;
				SWIFT_COMPILATION_MODE = wholemodule;
				SWIFT_OPTIMIZATION_LEVEL = "-O";
				VALIDATE_PRODUCT = YES;
			};
			name = Release;
		};
		AF43E6952968030E006D6C81 /* Debug */ = {
			isa = XCBuildConfiguration;
			buildSettings = {
				ASSETCATALOG_COMPILER_APPICON_NAME = AppIcon;
				ASSETCATALOG_COMPILER_GLOBAL_ACCENT_COLOR_NAME = AccentColor;
				CODE_SIGN_STYLE = Automatic;
				CURRENT_PROJECT_VERSION = 1;
				DEVELOPMENT_TEAM = 8CW4G86PK2;
				GENERATE_INFOPLIST_FILE = YES;
				INFOPLIST_FILE = NetflixClone/Info.plist;
				INFOPLIST_KEY_UIApplicationSupportsIndirectInputEvents = YES;
				INFOPLIST_KEY_UILaunchStoryboardName = LaunchScreen;
				INFOPLIST_KEY_UISupportedInterfaceOrientations = UIInterfaceOrientationPortrait;
				LD_RUNPATH_SEARCH_PATHS = (
					"$(inherited)",
					"@executable_path/Frameworks",
				);
				MARKETING_VERSION = 1.0;
				PRODUCT_BUNDLE_IDENTIFIER = kz.ios.NetflixClone;
				PRODUCT_NAME = "$(TARGET_NAME)";
				SWIFT_EMIT_LOC_STRINGS = YES;
				SWIFT_VERSION = 5.0;
				TARGETED_DEVICE_FAMILY = "1,2";
			};
			name = Debug;
		};
		AF43E6962968030E006D6C81 /* Release */ = {
			isa = XCBuildConfiguration;
			buildSettings = {
				ASSETCATALOG_COMPILER_APPICON_NAME = AppIcon;
				ASSETCATALOG_COMPILER_GLOBAL_ACCENT_COLOR_NAME = AccentColor;
				CODE_SIGN_STYLE = Automatic;
				CURRENT_PROJECT_VERSION = 1;
				DEVELOPMENT_TEAM = 8CW4G86PK2;
				GENERATE_INFOPLIST_FILE = YES;
				INFOPLIST_FILE = NetflixClone/Info.plist;
				INFOPLIST_KEY_UIApplicationSupportsIndirectInputEvents = YES;
				INFOPLIST_KEY_UILaunchStoryboardName = LaunchScreen;
				INFOPLIST_KEY_UISupportedInterfaceOrientations = UIInterfaceOrientationPortrait;
				LD_RUNPATH_SEARCH_PATHS = (
					"$(inherited)",
					"@executable_path/Frameworks",
				);
				MARKETING_VERSION = 1.0;
				PRODUCT_BUNDLE_IDENTIFIER = kz.ios.NetflixClone;
				PRODUCT_NAME = "$(TARGET_NAME)";
				SWIFT_EMIT_LOC_STRINGS = YES;
				SWIFT_VERSION = 5.0;
				TARGETED_DEVICE_FAMILY = "1,2";
			};
			name = Release;
		};
/* End XCBuildConfiguration section */

/* Begin XCConfigurationList section */
		AF43E67B2968030D006D6C81 /* Build configuration list for PBXProject "NetflixClone" */ = {
			isa = XCConfigurationList;
			buildConfigurations = (
				AF43E6922968030E006D6C81 /* Debug */,
				AF43E6932968030E006D6C81 /* Release */,
			);
			defaultConfigurationIsVisible = 0;
			defaultConfigurationName = Release;
		};
		AF43E6942968030E006D6C81 /* Build configuration list for PBXNativeTarget "NetflixClone" */ = {
			isa = XCConfigurationList;
			buildConfigurations = (
				AF43E6952968030E006D6C81 /* Debug */,
				AF43E6962968030E006D6C81 /* Release */,
			);
			defaultConfigurationIsVisible = 0;
			defaultConfigurationName = Release;
		};
/* End XCConfigurationList section */

/* Begin XCRemoteSwiftPackageReference section */
		AF43E6B52969AE83006D6C81 /* XCRemoteSwiftPackageReference "SDWebImage" */ = {
			isa = XCRemoteSwiftPackageReference;
			repositoryURL = "git@github.com:SDWebImage/SDWebImage.git";
			requirement = {
				branch = master;
				kind = branch;
			};
		};
/* End XCRemoteSwiftPackageReference section */

/* Begin XCSwiftPackageProductDependency section */
		AF43E6B62969AE83006D6C81 /* SDWebImage */ = {
			isa = XCSwiftPackageProductDependency;
			package = AF43E6B52969AE83006D6C81 /* XCRemoteSwiftPackageReference "SDWebImage" */;
			productName = SDWebImage;
		};
		AF43E6B82969AE83006D6C81 /* SDWebImageMapKit */ = {
			isa = XCSwiftPackageProductDependency;
			package = AF43E6B52969AE83006D6C81 /* XCRemoteSwiftPackageReference "SDWebImage" */;
			productName = SDWebImageMapKit;
		};
/* End XCSwiftPackageProductDependency section */

/* Begin XCVersionGroup section */
		AF43E6EB296C6C34006D6C81 /* NetflixCloneModel.xcdatamodeld */ = {
			isa = XCVersionGroup;
			children = (
				AF43E6EC296C6C34006D6C81 /* NetflixCloneModel.xcdatamodel */,
			);
			currentVersion = AF43E6EC296C6C34006D6C81 /* NetflixCloneModel.xcdatamodel */;
			path = NetflixCloneModel.xcdatamodeld;
			sourceTree = "<group>";
			versionGroupType = wrapper.xcdatamodel;
		};
/* End XCVersionGroup section */
	};
	rootObject = AF43E6782968030D006D6C81 /* Project object */;
}
